
Microsoft Visual Studio Solution File, Format Version 12.00
# Visual Studio 15
VisualStudioVersion = 15.0.28307.1169
MinimumVisualStudioVersion = 10.0.40219.1
Project("{FAE04EC0-301F-11D3-BF4B-00C04F79EFBC}") = "deltat", "deltat\deltat.csproj", "{42BB0E0C-91C8-495B-97CC-19929E2F0E23}"
EndProject
Global
	GlobalSection(SolutionConfigurationPlatforms) = preSolution
		Debug|Any CPU = Debug|Any CPU
		Debug|x86 = Debug|x86
		Release|Any CPU = Release|Any CPU
		Release|x86 = Release|x86
	EndGlobalSection
	GlobalSection(ProjectConfigurationPlatforms) = postSolution
		{42BB0E0C-91C8-495B-97CC-19929E2F0E23}.Debug|Any CPU.ActiveCfg = Debug|Any CPU
		{42BB0E0C-91C8-495B-97CC-19929E2F0E23}.Debug|Any CPU.Build.0 = Debug|Any CPU
		{42BB0E0C-91C8-495B-97CC-19929E2F0E23}.Debug|x86.ActiveCfg = Debug|Any CPU
		{42BB0E0C-91C8-495B-97CC-19929E2F0E23}.Debug|x86.Build.0 = Debug|Any CPU
		{42BB0E0C-91C8-495B-97CC-19929E2F0E23}.Release|Any CPU.ActiveCfg = Release|Any CPU
		{42BB0E0C-91C8-495B-97CC-19929E2F0E23}.Release|Any CPU.Build.0 = Release|Any CPU
		{42BB0E0C-91C8-495B-97CC-19929E2F0E23}.Release|x86.ActiveCfg = Release|Any CPU
		{42BB0E0C-91C8-495B-97CC-19929E2F0E23}.Release|x86.Build.0 = Release|Any CPU
	EndGlobalSection
	GlobalSection(SolutionProperties) = preSolution
		HideSolutionNode = FALSE
	EndGlobalSection
	GlobalSection(ExtensibilityGlobals) = postSolution
		SolutionGuid = {02FDE82A-3187-4B54-A533-85D85FC991E5}
	EndGlobalSection
EndGlobal
