
Microsoft Visual Studio Solution File, Format Version 12.00
# Visual Studio 15
VisualStudioVersion = 15.0.28307.1169
MinimumVisualStudioVersion = 10.0.40219.1
Project("{FAE04EC0-301F-11D3-BF4B-00C04F79EFBC}") = "TimeDelta", "TimeDelta\TimeDelta.csproj", "{AAB79DBA-A5D9-445F-B6D4-00D15EA24558}"
EndProject
Global
	GlobalSection(SolutionConfigurationPlatforms) = preSolution
		Debug|Any CPU = Debug|Any CPU
		Release|Any CPU = Release|Any CPU
	EndGlobalSection
	GlobalSection(ProjectConfigurationPlatforms) = postSolution
		{AAB79DBA-A5D9-445F-B6D4-00D15EA24558}.Debug|Any CPU.ActiveCfg = Debug|Any CPU
		{AAB79DBA-A5D9-445F-B6D4-00D15EA24558}.Debug|Any CPU.Build.0 = Debug|Any CPU
		{AAB79DBA-A5D9-445F-B6D4-00D15EA24558}.Release|Any CPU.ActiveCfg = Release|Any CPU
		{AAB79DBA-A5D9-445F-B6D4-00D15EA24558}.Release|Any CPU.Build.0 = Release|Any CPU
	EndGlobalSection
	GlobalSection(SolutionProperties) = preSolution
		HideSolutionNode = FALSE
	EndGlobalSection
	GlobalSection(ExtensibilityGlobals) = postSolution
		SolutionGuid = {77E004A4-9223-4909-B2E1-B86245CCFCC2}
	EndGlobalSection
EndGlobal
